
Microsoft Visual Studio Solution File, Format Version 12.00
# Visual Studio Version 17
VisualStudioVersion = 17.11.35222.181
MinimumVisualStudioVersion = 10.0.40219.1
Project("{FAE04EC0-301F-11D3-BF4B-00C04F79EFBC}") = "TestingApp", "TestingApp.csproj", "{64A6950C-0C1A-4D30-9BD7-0FA3F96CF167}"
EndProject
Global
	GlobalSection(SolutionConfigurationPlatforms) = preSolution
		Debug|Any CPU = Debug|Any CPU
		Debug|x64 = Debug|x64
		Release|Any CPU = Release|Any CPU
		Release|x64 = Release|x64
	EndGlobalSection
	GlobalSection(ProjectConfigurationPlatforms) = postSolution
		{64A6950C-0C1A-4D30-9BD7-0FA3F96CF167}.Debug|Any CPU.ActiveCfg = Release|Any CPU
		{64A6950C-0C1A-4D30-9BD7-0FA3F96CF167}.Debug|Any CPU.Build.0 = Release|Any CPU
		{64A6950C-0C1A-4D30-9BD7-0FA3F96CF167}.Debug|x64.ActiveCfg = Debug|x64
		{64A6950C-0C1A-4D30-9BD7-0FA3F96CF167}.Debug|x64.Build.0 = Debug|x64
		{64A6950C-0C1A-4D30-9BD7-0FA3F96CF167}.Release|Any CPU.ActiveCfg = Release|Any CPU
		{64A6950C-0C1A-4D30-9BD7-0FA3F96CF167}.Release|Any CPU.Build.0 = Release|Any CPU
		{64A6950C-0C1A-4D30-9BD7-0FA3F96CF167}.Release|x64.ActiveCfg = Release|x64
		{64A6950C-0C1A-4D30-9BD7-0FA3F96CF167}.Release|x64.Build.0 = Release|x64
	EndGlobalSection
	GlobalSection(SolutionProperties) = preSolution
		HideSolutionNode = FALSE
	EndGlobalSection
	GlobalSection(ExtensibilityGlobals) = postSolution
		SolutionGuid = {29A3C8F8-FF57-419D-89DE-B3C97E0F4B91}
	EndGlobalSection
EndGlobal
